
Microsoft Visual Studio Solution File, Format Version 12.00
# Visual Studio 15
VisualStudioVersion = 15.0.28010.2026
MinimumVisualStudioVersion = 10.0.40219.1
Project("{9A19103F-16F7-4668-BE54-9A1E7A4F7556}") = "SpeedTestLogger", "SpeedTestLogger.csproj", "{14BC4A29-C8B9-4883-AA25-1D0A07C2CD21}"
EndProject
Global
	GlobalSection(SolutionConfigurationPlatforms) = preSolution
		Debug|Any CPU = Debug|Any CPU
		Release|Any CPU = Release|Any CPU
	EndGlobalSection
	GlobalSection(ProjectConfigurationPlatforms) = postSolution
		{14BC4A29-C8B9-4883-AA25-1D0A07C2CD21}.Debug|Any CPU.ActiveCfg = Debug|Any CPU
		{14BC4A29-C8B9-4883-AA25-1D0A07C2CD21}.Debug|Any CPU.Build.0 = Debug|Any CPU
		{14BC4A29-C8B9-4883-AA25-1D0A07C2CD21}.Release|Any CPU.ActiveCfg = Release|Any CPU
		{14BC4A29-C8B9-4883-AA25-1D0A07C2CD21}.Release|Any CPU.Build.0 = Release|Any CPU
	EndGlobalSection
	GlobalSection(SolutionProperties) = preSolution
		HideSolutionNode = FALSE
	EndGlobalSection
	GlobalSection(ExtensibilityGlobals) = postSolution
		SolutionGuid = {80C886B5-7B2A-496B-91C2-A455DB1BCFED}
	EndGlobalSection
EndGlobal
